
Microsoft Visual Studio Solution File, Format Version 11.00
# Visual C# Express 2010
Project("{FAE04EC0-301F-11D3-BF4B-00C04F79EFBC}") = "PlainIoC", "PlainIoC\PlainIoC.csproj", "{E767FD6E-0BC8-4A21-82C7-95D66154A1CA}"
EndProject
Project("{FAE04EC0-301F-11D3-BF4B-00C04F79EFBC}") = "PlainIoCConsole", "PlainIoCConsole\PlainIoCConsole.csproj", "{F61AE2EF-3D91-4B94-972E-532AA0DA6D49}"
EndProject
Global
	GlobalSection(SolutionConfigurationPlatforms) = preSolution
		Debug|Any CPU = Debug|Any CPU
		Debug|Mixed Platforms = Debug|Mixed Platforms
		Debug|x86 = Debug|x86
		Release|Any CPU = Release|Any CPU
		Release|Mixed Platforms = Release|Mixed Platforms
		Release|x86 = Release|x86
	EndGlobalSection
	GlobalSection(ProjectConfigurationPlatforms) = postSolution
		{E767FD6E-0BC8-4A21-82C7-95D66154A1CA}.Debug|Any CPU.ActiveCfg = Debug|Any CPU
		{E767FD6E-0BC8-4A21-82C7-95D66154A1CA}.Debug|Any CPU.Build.0 = Debug|Any CPU
		{E767FD6E-0BC8-4A21-82C7-95D66154A1CA}.Debug|Mixed Platforms.ActiveCfg = Debug|Any CPU
		{E767FD6E-0BC8-4A21-82C7-95D66154A1CA}.Debug|Mixed Platforms.Build.0 = Debug|Any CPU
		{E767FD6E-0BC8-4A21-82C7-95D66154A1CA}.Debug|x86.ActiveCfg = Debug|Any CPU
		{E767FD6E-0BC8-4A21-82C7-95D66154A1CA}.Release|Any CPU.ActiveCfg = Release|Any CPU
		{E767FD6E-0BC8-4A21-82C7-95D66154A1CA}.Release|Any CPU.Build.0 = Release|Any CPU
		{E767FD6E-0BC8-4A21-82C7-95D66154A1CA}.Release|Mixed Platforms.ActiveCfg = Release|Any CPU
		{E767FD6E-0BC8-4A21-82C7-95D66154A1CA}.Release|Mixed Platforms.Build.0 = Release|Any CPU
		{E767FD6E-0BC8-4A21-82C7-95D66154A1CA}.Release|x86.ActiveCfg = Release|Any CPU
		{F61AE2EF-3D91-4B94-972E-532AA0DA6D49}.Debug|Any CPU.ActiveCfg = Debug|x86
		{F61AE2EF-3D91-4B94-972E-532AA0DA6D49}.Debug|Mixed Platforms.ActiveCfg = Debug|x86
		{F61AE2EF-3D91-4B94-972E-532AA0DA6D49}.Debug|Mixed Platforms.Build.0 = Debug|x86
		{F61AE2EF-3D91-4B94-972E-532AA0DA6D49}.Debug|x86.ActiveCfg = Debug|x86
		{F61AE2EF-3D91-4B94-972E-532AA0DA6D49}.Debug|x86.Build.0 = Debug|x86
		{F61AE2EF-3D91-4B94-972E-532AA0DA6D49}.Release|Any CPU.ActiveCfg = Release|x86
		{F61AE2EF-3D91-4B94-972E-532AA0DA6D49}.Release|Mixed Platforms.ActiveCfg = Release|x86
		{F61AE2EF-3D91-4B94-972E-532AA0DA6D49}.Release|Mixed Platforms.Build.0 = Release|x86
		{F61AE2EF-3D91-4B94-972E-532AA0DA6D49}.Release|x86.ActiveCfg = Release|x86
		{F61AE2EF-3D91-4B94-972E-532AA0DA6D49}.Release|x86.Build.0 = Release|x86
	EndGlobalSection
	GlobalSection(SolutionProperties) = preSolution
		HideSolutionNode = FALSE
	EndGlobalSection
EndGlobal
